
Microsoft Visual Studio Solution File, Format Version 12.00
# Visual Studio Version 16
VisualStudioVersion = 16.0.29609.76
MinimumVisualStudioVersion = 10.0.40219.1
Project("{2150E333-8FDC-42A3-9474-1A3956D46DE8}") = "Tests", "Tests", "{F3465C4C-D341-4CD0-AFF4-899973C24ED1}"
EndProject
Project("{2150E333-8FDC-42A3-9474-1A3956D46DE8}") = "Docu", "Docu", "{15A8D969-A7D3-4DFD-9070-C9E3E94ADF26}"
	ProjectSection(SolutionItems) = preProject
		..\README.md = ..\README.md
	EndProjectSection
EndProject
Project("{9A19103F-16F7-4668-BE54-9A1E7A4F7556}") = "Switchyard.CodeGeneration.Test", "..\test\Unit Testing\Switchyard.CodeGeneration.Test\Switchyard.CodeGeneration.Test.csproj", "{2874A9E9-318B-49FE-86A3-5F5C63A9303E}"
EndProject
Project("{2150E333-8FDC-42A3-9474-1A3956D46DE8}") = "Shared", "Shared", "{E52E99AF-928A-4DE3-A5D1-486C9B075644}"
	ProjectSection(SolutionItems) = preProject
		Shared\FunicularSwitch.png = Shared\FunicularSwitch.png
		Shared\index.html = Shared\index.html
		Shared\LICENSE.txt = Shared\LICENSE.txt
		Shared\stylesheet.css = Shared\stylesheet.css
	EndProjectSection
EndProject
Project("{2150E333-8FDC-42A3-9474-1A3956D46DE8}") = "Solution Items", "Solution Items", "{84D84CCD-C9C0-4CEC-A74D-26452C50E0FF}"
EndProject
Project("{9A19103F-16F7-4668-BE54-9A1E7A4F7556}") = "Switchyard.Vsix", "Switchyard.Vsix\Switchyard.Vsix.csproj", "{E2A2F827-11DF-4D1A-9C7E-F2CD2380A77D}"
EndProject
Project("{9A19103F-16F7-4668-BE54-9A1E7A4F7556}") = "Switchyard.Vsix.22", "Switchyard.Vsix.22\Switchyard.Vsix.22.csproj", "{D1F3205B-A361-42FD-9A28-6A5AD88A6B04}"
EndProject
Global
	GlobalSection(SolutionConfigurationPlatforms) = preSolution
		Debug|Any CPU = Debug|Any CPU
		Release|Any CPU = Release|Any CPU
	EndGlobalSection
	GlobalSection(ProjectConfigurationPlatforms) = postSolution
		{2874A9E9-318B-49FE-86A3-5F5C63A9303E}.Debug|Any CPU.ActiveCfg = Debug|Any CPU
		{2874A9E9-318B-49FE-86A3-5F5C63A9303E}.Debug|Any CPU.Build.0 = Debug|Any CPU
		{2874A9E9-318B-49FE-86A3-5F5C63A9303E}.Release|Any CPU.ActiveCfg = Release|Any CPU
		{2874A9E9-318B-49FE-86A3-5F5C63A9303E}.Release|Any CPU.Build.0 = Release|Any CPU
		{E2A2F827-11DF-4D1A-9C7E-F2CD2380A77D}.Debug|Any CPU.ActiveCfg = Debug|Any CPU
		{E2A2F827-11DF-4D1A-9C7E-F2CD2380A77D}.Debug|Any CPU.Build.0 = Debug|Any CPU
		{E2A2F827-11DF-4D1A-9C7E-F2CD2380A77D}.Release|Any CPU.ActiveCfg = Release|Any CPU
		{E2A2F827-11DF-4D1A-9C7E-F2CD2380A77D}.Release|Any CPU.Build.0 = Release|Any CPU
		{D1F3205B-A361-42FD-9A28-6A5AD88A6B04}.Debug|Any CPU.ActiveCfg = Debug|Any CPU
		{D1F3205B-A361-42FD-9A28-6A5AD88A6B04}.Debug|Any CPU.Build.0 = Debug|Any CPU
		{D1F3205B-A361-42FD-9A28-6A5AD88A6B04}.Release|Any CPU.ActiveCfg = Release|Any CPU
		{D1F3205B-A361-42FD-9A28-6A5AD88A6B04}.Release|Any CPU.Build.0 = Release|Any CPU
	EndGlobalSection
	GlobalSection(SolutionProperties) = preSolution
		HideSolutionNode = FALSE
	EndGlobalSection
	GlobalSection(NestedProjects) = preSolution
		{2874A9E9-318B-49FE-86A3-5F5C63A9303E} = {F3465C4C-D341-4CD0-AFF4-899973C24ED1}
	EndGlobalSection
	GlobalSection(ExtensibilityGlobals) = postSolution
		SolutionGuid = {170E738A-25A3-49BC-9BC7-3BC709EB841D}
	EndGlobalSection
EndGlobal
